{
    "_readme": [
        "This file locks the dependencies of your project to a known state",
        "Read more about it at https://getcomposer.org/doc/01-basic-usage.md#installing-dependencies",
        "This file is @generated automatically"
    ],
    "content-hash": "0cbeb7f4b2b998f14f99c1037388f356",
    "packages": [
        {
            "name": "laravel/serializable-closure",
            "version": "v1.3.3",
            "source": {
                "type": "git",
                "url": "https://github.com/laravel/serializable-closure.git",
                "reference": "3dbf8a8e914634c48d389c1234552666b3d43754"
            },
            "dist": {
                "type": "zip",
                "url": "https://api.github.com/repos/laravel/serializable-closure/zipball/3dbf8a8e914634c48d389c1234552666b3d43754",
                "reference": "3dbf8a8e914634c48d389c1234552666b3d43754",
                "shasum": ""
            },
            "require": {
                "php": "^7.3|^8.0"
            },
            "require-dev": {
                "nesbot/carbon": "^2.61",
                "pestphp/pest": "^1.21.3",
                "phpstan/phpstan": "^1.8.2",
                "symfony/var-dumper": "^5.4.11"
            },
            "type": "library",
            "extra": {
                "branch-alias": {
                    "dev-master": "1.x-dev"
                }
            },
            "autoload": {
                "psr-4": {
                    "Laravel\\SerializableClosure\\": "src/"
                }
            },
            "notification-url": "https://packagist.org/downloads/",
            "license": [
                "MIT"
            ],
            "authors": [
                {
                    "name": "Taylor Otwell",
                    "email": "taylor@laravel.com"
                },
                {
                    "name": "Nuno Maduro",
                    "email": "nuno@laravel.com"
                }
            ],
            "description": "Laravel Serializable Closure provides an easy and secure way to serialize closures in PHP.",
            "keywords": [
                "closure",
                "laravel",
                "serializable"
            ],
            "support": {
                "issues": "https://github.com/laravel/serializable-closure/issues",
                "source": "https://github.com/laravel/serializable-closure"
            },
            "time": "2023-11-08T14:08:06+00:00"
        },
        {
            "name": "php-di/invoker",
            "version": "2.3.4",
            "source": {
                "type": "git",
                "url": "https://github.com/PHP-DI/Invoker.git",
                "reference": "33234b32dafa8eb69202f950a1fc92055ed76a86"
            },
            "dist": {
                "type": "zip",
                "url": "https://api.github.com/repos/PHP-DI/Invoker/zipball/33234b32dafa8eb69202f950a1fc92055ed76a86",
                "reference": "33234b32dafa8eb69202f950a1fc92055ed76a86",
                "shasum": ""
            },
            "require": {
                "php": ">=7.3",
                "psr/container": "^1.0|^2.0"
            },
            "require-dev": {
                "athletic/athletic": "~0.1.8",
                "mnapoli/hard-mode": "~0.3.0",
                "phpunit/phpunit": "^9.0"
            },
            "type": "library",
            "autoload": {
                "psr-4": {
                    "Invoker\\": "src/"
                }
            },
            "notification-url": "https://packagist.org/downloads/",
            "license": [
                "MIT"
            ],
            "description": "Generic and extensible callable invoker",
            "homepage": "https://github.com/PHP-DI/Invoker",
            "keywords": [
                "callable",
                "dependency",
                "dependency-injection",
                "injection",
                "invoke",
                "invoker"
            ],
            "support": {
                "issues": "https://github.com/PHP-DI/Invoker/issues",
                "source": "https://github.com/PHP-DI/Invoker/tree/2.3.4"
            },
            "funding": [
                {
                    "url": "https://github.com/mnapoli",
                    "type": "github"
                }
            ],
            "time": "2023-09-08T09:24:21+00:00"
        },
        {
            "name": "php-di/php-di",
            "version": "7.0.6",
            "source": {
                "type": "git",
                "url": "https://github.com/PHP-DI/PHP-DI.git",
                "reference": "8097948a89f6ec782839b3e958432f427cac37fd"
            },
            "dist": {
                "type": "zip",
                "url": "https://api.github.com/repos/PHP-DI/PHP-DI/zipball/8097948a89f6ec782839b3e958432f427cac37fd",
                "reference": "8097948a89f6ec782839b3e958432f427cac37fd",
                "shasum": ""
            },
            "require": {
                "laravel/serializable-closure": "^1.0",
                "php": ">=8.0",
                "php-di/invoker": "^2.0",
                "psr/container": "^1.1 || ^2.0"
            },
            "provide": {
                "psr/container-implementation": "^1.0"
            },
            "require-dev": {
                "friendsofphp/php-cs-fixer": "^3",
                "friendsofphp/proxy-manager-lts": "^1",
                "mnapoli/phpunit-easymock": "^1.3",
                "phpunit/phpunit": "^9.5",
                "vimeo/psalm": "^4.6"
            },
            "suggest": {
                "friendsofphp/proxy-manager-lts": "Install it if you want to use lazy injection (version ^1)"
            },
            "type": "library",
            "autoload": {
                "files": [
                    "src/functions.php"
                ],
                "psr-4": {
                    "DI\\": "src/"
                }
            },
            "notification-url": "https://packagist.org/downloads/",
            "license": [
                "MIT"
            ],
            "description": "The dependency injection container for humans",
            "homepage": "https://php-di.org/",
            "keywords": [
                "PSR-11",
                "container",
                "container-interop",
                "dependency injection",
                "di",
                "ioc",
                "psr11"
            ],
            "support": {
                "issues": "https://github.com/PHP-DI/PHP-DI/issues",
                "source": "https://github.com/PHP-DI/PHP-DI/tree/7.0.6"
            },
            "funding": [
                {
                    "url": "https://github.com/mnapoli",
                    "type": "github"
                },
                {
                    "url": "https://tidelift.com/funding/github/packagist/php-di/php-di",
                    "type": "tidelift"
                }
            ],
            "time": "2023-11-02T10:04:50+00:00"
        },
        {
            "name": "pixlmint/nacho",
            "version": "1.4.3",
            "source": {
                "type": "git",
                "url": "https://github.com/pixlmint/Nacho.git",
                "reference": "26ad1a9eecb1abf954a524f3b8e5434ef8e01610"
            },
            "dist": {
                "type": "zip",
                "url": "https://api.github.com/repos/pixlmint/Nacho/zipball/26ad1a9eecb1abf954a524f3b8e5434ef8e01610",
                "reference": "26ad1a9eecb1abf954a524f3b8e5434ef8e01610",
                "shasum": ""
            },
            "require": {
                "ext-fileinfo": "*",
                "php": "8.*",
                "php-di/php-di": "^7.0",
                "pixlmint/parsedown": "*",
                "psr/log": "^3.0",
                "symfony/yaml": "^5.2"
            },
            "require-dev": {
                "phpunit/phpunit": "^10.3"
            },
            "type": "library",
            "autoload": {
                "psr-4": {
                    "Nacho\\": "src/",
                    "Tests\\": "tests/"
                }
            },
            "notification-url": "https://packagist.org/downloads/",
            "license": [
                "MIT"
            ],
            "authors": [
                {
                    "name": "Christian Gröber",
                    "email": "swiss8oy.chg@gmail.com"
                }
            ],
            "description": "My own Lightweight PHP Framework",
            "support": {
                "issues": "https://github.com/pixlmint/Nacho/issues",
                "source": "https://github.com/pixlmint/Nacho/tree/1.4.3"
            },
            "time": "2023-11-17T14:23:28+00:00"
        },
        {
            "name": "pixlmint/parsedown",
            "version": "1.0",
            "source": {
                "type": "git",
                "url": "https://github.com/pixlmint/parsedown.git",
                "reference": "7e8307309aea50fdf1bc5d0f5d30ed4e4a3476c5"
            },
            "dist": {
                "type": "zip",
                "url": "https://api.github.com/repos/pixlmint/parsedown/zipball/7e8307309aea50fdf1bc5d0f5d30ed4e4a3476c5",
                "reference": "7e8307309aea50fdf1bc5d0f5d30ed4e4a3476c5",
                "shasum": ""
            },
            "require": {
                "ext-mbstring": "*",
                "php": ">=5.3.0"
            },
            "require-dev": {
                "phpunit/phpunit": "^4.8.35"
            },
            "type": "library",
            "autoload": {
                "psr-4": {
                    "PixlMint\\Parsedown\\": "src/"
                }
            },
            "notification-url": "https://packagist.org/downloads/",
            "license": [
                "MIT"
            ],
            "authors": [
                {
                    "name": "Emanuil Rusev",
                    "email": "hello@erusev.com",
                    "homepage": "http://erusev.com"
                },
                {
                    "name": "Christian Gröber",
                    "email": "christian.groeber@bluewin.ch",
                    "homepage": "https://christian-groeber.ch"
                }
            ],
            "description": "Parser for Markdown.",
            "homepage": "http://parsedown.org",
            "keywords": [
                "markdown",
                "parser"
            ],
            "support": {
                "source": "https://github.com/pixlmint/parsedown/tree/1.0"
            },
            "time": "2023-06-30T12:45:53+00:00"
        },
        {
            "name": "pixlmint/pixl-cms",
            "version": "2.0.4",
            "source": {
                "type": "git",
                "url": "https://github.com/pixlmint/pixl-cms.git",
                "reference": "0e48b0e48614a24450c28d98971ff732875e4ab6"
            },
            "dist": {
                "type": "zip",
                "url": "https://api.github.com/repos/pixlmint/pixl-cms/zipball/0e48b0e48614a24450c28d98971ff732875e4ab6",
                "reference": "0e48b0e48614a24450c28d98971ff732875e4ab6",
                "shasum": ""
            },
            "require": {
                "ext-json": "*",
                "ext-zip": "*",
                "pixlmint/nacho": "*"
            },
            "type": "library",
            "autoload": {
                "psr-4": {
                    "PixlMint\\CMS\\": "src/"
                }
            },
            "notification-url": "https://packagist.org/downloads/",
            "description": "A lightweight CMS powered by Markdown and Nachos",
            "support": {
                "issues": "https://github.com/pixlmint/pixl-cms/issues",
                "source": "https://github.com/pixlmint/pixl-cms/tree/2.0.4"
            },
            "time": "2023-11-17T14:44:26+00:00"
        },
        {
            "name": "pixlmint/pixlcms-wiki-plugin",
            "version": "1.6.3",
            "source": {
                "type": "git",
                "url": "https://github.com/pixlmint/pixlcms-wiki-plugin.git",
                "reference": "2110b3071c5973b9a32be69c2880835cc5a33f88"
            },
            "dist": {
                "type": "zip",
                "url": "https://api.github.com/repos/pixlmint/pixlcms-wiki-plugin/zipball/2110b3071c5973b9a32be69c2880835cc5a33f88",
                "reference": "2110b3071c5973b9a32be69c2880835cc5a33f88",
                "shasum": ""
            },
            "require": {
                "ext-json": "*",
                "pixlmint/pixl-cms": "*"
            },
            "type": "library",
            "autoload": {
                "psr-4": {
                    "PixlMint\\WikiPlugin\\": "src/"
                }
            },
            "notification-url": "https://packagist.org/downloads/",
            "description": "The official wiki plugin for PixlCMS",
            "support": {
                "issues": "https://github.com/pixlmint/pixlcms-wiki-plugin/issues",
                "source": "https://github.com/pixlmint/pixlcms-wiki-plugin/tree/1.6.3"
            },
            "time": "2023-11-17T14:35:39+00:00"
        },
        {
            "name": "psr/container",
            "version": "2.0.2",
            "source": {
                "type": "git",
                "url": "https://github.com/php-fig/container.git",
                "reference": "c71ecc56dfe541dbd90c5360474fbc405f8d5963"
            },
            "dist": {
                "type": "zip",
                "url": "https://api.github.com/repos/php-fig/container/zipball/c71ecc56dfe541dbd90c5360474fbc405f8d5963",
                "reference": "c71ecc56dfe541dbd90c5360474fbc405f8d5963",
                "shasum": ""
            },
            "require": {
                "php": ">=7.4.0"
            },
            "type": "library",
            "extra": {
                "branch-alias": {
                    "dev-master": "2.0.x-dev"
                }
            },
            "autoload": {
                "psr-4": {
                    "Psr\\Container\\": "src/"
                }
            },
            "notification-url": "https://packagist.org/downloads/",
            "license": [
                "MIT"
            ],
            "authors": [
                {
                    "name": "PHP-FIG",
                    "homepage": "https://www.php-fig.org/"
                }
            ],
            "description": "Common Container Interface (PHP FIG PSR-11)",
            "homepage": "https://github.com/php-fig/container",
            "keywords": [
                "PSR-11",
                "container",
                "container-interface",
                "container-interop",
                "psr"
            ],
            "support": {
                "issues": "https://github.com/php-fig/container/issues",
                "source": "https://github.com/php-fig/container/tree/2.0.2"
            },
            "time": "2021-11-05T16:47:00+00:00"
        },
        {
            "name": "psr/log",
            "version": "3.0.0",
            "source": {
                "type": "git",
                "url": "https://github.com/php-fig/log.git",
                "reference": "fe5ea303b0887d5caefd3d431c3e61ad47037001"
            },
            "dist": {
                "type": "zip",
                "url": "https://api.github.com/repos/php-fig/log/zipball/fe5ea303b0887d5caefd3d431c3e61ad47037001",
                "reference": "fe5ea303b0887d5caefd3d431c3e61ad47037001",
                "shasum": ""
            },
            "require": {
                "php": ">=8.0.0"
            },
            "type": "library",
            "extra": {
                "branch-alias": {
                    "dev-master": "3.x-dev"
                }
            },
            "autoload": {
                "psr-4": {
                    "Psr\\Log\\": "src"
                }
            },
            "notification-url": "https://packagist.org/downloads/",
            "license": [
                "MIT"
            ],
            "authors": [
                {
                    "name": "PHP-FIG",
                    "homepage": "https://www.php-fig.org/"
                }
            ],
            "description": "Common interface for logging libraries",
            "homepage": "https://github.com/php-fig/log",
            "keywords": [
                "log",
                "psr",
                "psr-3"
            ],
            "support": {
                "source": "https://github.com/php-fig/log/tree/3.0.0"
            },
            "time": "2021-07-14T16:46:02+00:00"
        },
        {
            "name": "symfony/deprecation-contracts",
            "version": "v3.4.0",
            "source": {
                "type": "git",
                "url": "https://github.com/symfony/deprecation-contracts.git",
                "reference": "7c3aff79d10325257a001fcf92d991f24fc967cf"
            },
            "dist": {
                "type": "zip",
                "url": "https://api.github.com/repos/symfony/deprecation-contracts/zipball/7c3aff79d10325257a001fcf92d991f24fc967cf",
                "reference": "7c3aff79d10325257a001fcf92d991f24fc967cf",
                "shasum": ""
            },
            "require": {
                "php": ">=8.1"
            },
            "type": "library",
            "extra": {
                "branch-alias": {
                    "dev-main": "3.4-dev"
                },
                "thanks": {
                    "name": "symfony/contracts",
                    "url": "https://github.com/symfony/contracts"
                }
            },
            "autoload": {
                "files": [
                    "function.php"
                ]
            },
            "notification-url": "https://packagist.org/downloads/",
            "license": [
                "MIT"
            ],
            "authors": [
                {
                    "name": "Nicolas Grekas",
                    "email": "p@tchwork.com"
                },
                {
                    "name": "Symfony Community",
                    "homepage": "https://symfony.com/contributors"
                }
            ],
            "description": "A generic function and convention to trigger deprecation notices",
            "homepage": "https://symfony.com",
            "support": {
                "source": "https://github.com/symfony/deprecation-contracts/tree/v3.4.0"
            },
            "funding": [
                {
                    "url": "https://symfony.com/sponsor",
                    "type": "custom"
                },
                {
                    "url": "https://github.com/fabpot",
                    "type": "github"
                },
                {
                    "url": "https://tidelift.com/funding/github/packagist/symfony/symfony",
                    "type": "tidelift"
                }
            ],
            "time": "2023-05-23T14:45:45+00:00"
        },
        {
            "name": "symfony/polyfill-ctype",
            "version": "v1.28.0",
            "source": {
                "type": "git",
                "url": "https://github.com/symfony/polyfill-ctype.git",
                "reference": "ea208ce43cbb04af6867b4fdddb1bdbf84cc28cb"
            },
            "dist": {
                "type": "zip",
                "url": "https://api.github.com/repos/symfony/polyfill-ctype/zipball/ea208ce43cbb04af6867b4fdddb1bdbf84cc28cb",
                "reference": "ea208ce43cbb04af6867b4fdddb1bdbf84cc28cb",
                "shasum": ""
            },
            "require": {
                "php": ">=7.1"
            },
            "provide": {
                "ext-ctype": "*"
            },
            "suggest": {
                "ext-ctype": "For best performance"
            },
            "type": "library",
            "extra": {
                "branch-alias": {
                    "dev-main": "1.28-dev"
                },
                "thanks": {
                    "name": "symfony/polyfill",
                    "url": "https://github.com/symfony/polyfill"
                }
            },
            "autoload": {
                "files": [
                    "bootstrap.php"
                ],
                "psr-4": {
                    "Symfony\\Polyfill\\Ctype\\": ""
                }
            },
            "notification-url": "https://packagist.org/downloads/",
            "license": [
                "MIT"
            ],
            "authors": [
                {
                    "name": "Gert de Pagter",
                    "email": "BackEndTea@gmail.com"
                },
                {
                    "name": "Symfony Community",
                    "homepage": "https://symfony.com/contributors"
                }
            ],
            "description": "Symfony polyfill for ctype functions",
            "homepage": "https://symfony.com",
            "keywords": [
                "compatibility",
                "ctype",
                "polyfill",
                "portable"
            ],
            "support": {
                "source": "https://github.com/symfony/polyfill-ctype/tree/v1.28.0"
            },
            "funding": [
                {
                    "url": "https://symfony.com/sponsor",
                    "type": "custom"
                },
                {
                    "url": "https://github.com/fabpot",
                    "type": "github"
                },
                {
                    "url": "https://tidelift.com/funding/github/packagist/symfony/symfony",
                    "type": "tidelift"
                }
            ],
            "time": "2023-01-26T09:26:14+00:00"
        },
        {
            "name": "symfony/yaml",
            "version": "v5.4.31",
            "source": {
                "type": "git",
                "url": "https://github.com/symfony/yaml.git",
                "reference": "f387675d7f5fc4231f7554baa70681f222f73563"
            },
            "dist": {
                "type": "zip",
                "url": "https://api.github.com/repos/symfony/yaml/zipball/f387675d7f5fc4231f7554baa70681f222f73563",
                "reference": "f387675d7f5fc4231f7554baa70681f222f73563",
                "shasum": ""
            },
            "require": {
                "php": ">=7.2.5",
                "symfony/deprecation-contracts": "^2.1|^3",
                "symfony/polyfill-ctype": "^1.8"
            },
            "conflict": {
                "symfony/console": "<5.3"
            },
            "require-dev": {
                "symfony/console": "^5.3|^6.0"
            },
            "suggest": {
                "symfony/console": "For validating YAML files using the lint command"
            },
            "bin": [
                "Resources/bin/yaml-lint"
            ],
            "type": "library",
            "autoload": {
                "psr-4": {
                    "Symfony\\Component\\Yaml\\": ""
                },
                "exclude-from-classmap": [
                    "/Tests/"
                ]
            },
            "notification-url": "https://packagist.org/downloads/",
            "license": [
                "MIT"
            ],
            "authors": [
                {
                    "name": "Fabien Potencier",
                    "email": "fabien@symfony.com"
                },
                {
                    "name": "Symfony Community",
                    "homepage": "https://symfony.com/contributors"
                }
            ],
            "description": "Loads and dumps YAML files",
            "homepage": "https://symfony.com",
            "support": {
                "source": "https://github.com/symfony/yaml/tree/v5.4.31"
            },
            "funding": [
                {
                    "url": "https://symfony.com/sponsor",
                    "type": "custom"
                },
                {
                    "url": "https://github.com/fabpot",
                    "type": "github"
                },
                {
                    "url": "https://tidelift.com/funding/github/packagist/symfony/symfony",
                    "type": "tidelift"
                }
            ],
            "time": "2023-11-03T14:41:28+00:00"
        }
    ],
    "packages-dev": [],
    "aliases": [],
    "minimum-stability": "stable",
    "stability-flags": [],
    "prefer-stable": false,
    "prefer-lowest": false,
    "platform": {
        "ext-json": "*"
    },
    "platform-dev": [],
    "plugin-api-version": "2.6.0"
}
